
Microsoft Visual Studio Solution File, Format Version 12.00
# Visual Studio Version 17
VisualStudioVersion = 17.14.36518.9 d17.14
MinimumVisualStudioVersion = 10.0.40219.1
Project("{FAE04EC0-301F-11D3-BF4B-00C04F79EFBC}") = "RecordUrlGeneratorTool", "RecordUrlGeneratorTool\RecordUrlGeneratorTool.csproj", "{6BC846E6-6630-4652-B035-FF2830B67151}"
EndProject
Project("{FAE04EC0-301F-11D3-BF4B-00C04F79EFBC}") = "RecordUrlGenerator.Plugins", "RecordUrlGenerator.Plugins\RecordUrlGenerator.Plugins.csproj", "{919BDADE-FFC3-4C28-93E5-5B8D28DBDF39}"
EndProject
Global
	GlobalSection(SolutionConfigurationPlatforms) = preSolution
		Debug|Any CPU = Debug|Any CPU
		Release|Any CPU = Release|Any CPU
	EndGlobalSection
	GlobalSection(ProjectConfigurationPlatforms) = postSolution
		{6BC846E6-6630-4652-B035-FF2830B67151}.Debug|Any CPU.ActiveCfg = Debug|Any CPU
		{6BC846E6-6630-4652-B035-FF2830B67151}.Debug|Any CPU.Build.0 = Debug|Any CPU
		{6BC846E6-6630-4652-B035-FF2830B67151}.Release|Any CPU.ActiveCfg = Release|Any CPU
		{6BC846E6-6630-4652-B035-FF2830B67151}.Release|Any CPU.Build.0 = Release|Any CPU
		{919BDADE-FFC3-4C28-93E5-5B8D28DBDF39}.Debug|Any CPU.ActiveCfg = Debug|Any CPU
		{919BDADE-FFC3-4C28-93E5-5B8D28DBDF39}.Debug|Any CPU.Build.0 = Debug|Any CPU
		{919BDADE-FFC3-4C28-93E5-5B8D28DBDF39}.Release|Any CPU.ActiveCfg = Release|Any CPU
		{919BDADE-FFC3-4C28-93E5-5B8D28DBDF39}.Release|Any CPU.Build.0 = Release|Any CPU
	EndGlobalSection
	GlobalSection(SolutionProperties) = preSolution
		HideSolutionNode = FALSE
	EndGlobalSection
	GlobalSection(ExtensibilityGlobals) = postSolution
		SolutionGuid = {36CC6903-A05A-4889-A1BF-47CD3AA46E97}
	EndGlobalSection
EndGlobal
